// !$*UTF8*$!
{
	archiveVersion = 1;
	classes = {
	};
	objectVersion = 46;
	objects = {

/* Begin PBXBuildFile section */
		2E99E8310E9F1A57A2C3DDF9 /* Pods.framework in Frameworks */ = {isa = PBXBuildFile; fileRef = D167FABA4877F1BA58EC2E16 /* Pods.framework */; settings = {ATTRIBUTES = (Weak, ); }; };
		531F58B71C3104E800E9D583 /* Dealsnearyouclass.swift in Sources */ = {isa = PBXBuildFile; fileRef = 531F58B61C3104E800E9D583 /* Dealsnearyouclass.swift */; };
		531F58B91C3105E500E9D583 /* sectionheaderforDelasnearyouTableViewCell.swift in Sources */ = {isa = PBXBuildFile; fileRef = 531F58B81C3105E500E9D583 /* sectionheaderforDelasnearyouTableViewCell.swift */; };
		531F58BB1C31066C00E9D583 /* childcellfordealsnearyou.swift in Sources */ = {isa = PBXBuildFile; fileRef = 531F58BA1C31066C00E9D583 /* childcellfordealsnearyou.swift */; };
		531F58BD1C311F7B00E9D583 /* DealsNearyouRowchild.swift in Sources */ = {isa = PBXBuildFile; fileRef = 531F58BC1C311F7B00E9D583 /* DealsNearyouRowchild.swift */; };
		532E64551BF5EF9800B88D09 /* BeerRowCell.swift in Sources */ = {isa = PBXBuildFile; fileRef = 532E64541BF5EF9800B88D09 /* BeerRowCell.swift */; };
		532E64591BF6078D00B88D09 /* VodkaRowCell.swift in Sources */ = {isa = PBXBuildFile; fileRef = 532E64581BF6078D00B88D09 /* VodkaRowCell.swift */; };
		534618EB1BBBDAAF00B0E188 /* results.swift in Sources */ = {isa = PBXBuildFile; fileRef = 534618EA1BBBDAAF00B0E188 /* results.swift */; };
		5363430F1BC2A820008018F6 /* Accounts.framework in Frameworks */ = {isa = PBXBuildFile; fileRef = 5363430E1BC2A820008018F6 /* Accounts.framework */; };
		536343111BC2A839008018F6 /* AdSupport.framework in Frameworks */ = {isa = PBXBuildFile; fileRef = 536343101BC2A839008018F6 /* AdSupport.framework */; };
		536343131BC2A886008018F6 /* Social.framework in Frameworks */ = {isa = PBXBuildFile; fileRef = 536343121BC2A886008018F6 /* Social.framework */; };
		536343151BC2A924008018F6 /* libsqlite3.0.dylib in Frameworks */ = {isa = PBXBuildFile; fileRef = 536343141BC2A924008018F6 /* libsqlite3.0.dylib */; };
		5367CEF71B9DB0EA00D33220 /* AppDelegate.swift in Sources */ = {isa = PBXBuildFile; fileRef = 5367CEF61B9DB0EA00D33220 /* AppDelegate.swift */; };
		5367CEF91B9DB0EA00D33220 /* ViewController.swift in Sources */ = {isa = PBXBuildFile; fileRef = 5367CEF81B9DB0EA00D33220 /* ViewController.swift */; };
		5367CEFC1B9DB0EA00D33220 /* Main.storyboard in Resources */ = {isa = PBXBuildFile; fileRef = 5367CEFA1B9DB0EA00D33220 /* Main.storyboard */; };
		5367CEFE1B9DB0EA00D33220 /* Images.xcassets in Resources */ = {isa = PBXBuildFile; fileRef = 5367CEFD1B9DB0EA00D33220 /* Images.xcassets */; };
		5367CF011B9DB0EA00D33220 /* LaunchScreen.xib in Resources */ = {isa = PBXBuildFile; fileRef = 5367CEFF1B9DB0EA00D33220 /* LaunchScreen.xib */; };
		5367CF0D1B9DB0EA00D33220 /* FinalBottomsUpTests.swift in Sources */ = {isa = PBXBuildFile; fileRef = 5367CF0C1B9DB0EA00D33220 /* FinalBottomsUpTests.swift */; };
		5367CF1A1B9DB11F00D33220 /* FacebookSDK.framework in Frameworks */ = {isa = PBXBuildFile; fileRef = 5367CF161B9DB11F00D33220 /* FacebookSDK.framework */; };
		5367CF1B1B9DB11F00D33220 /* FBSDKCoreKit.framework in Frameworks */ = {isa = PBXBuildFile; fileRef = 5367CF171B9DB11F00D33220 /* FBSDKCoreKit.framework */; };
		5367CF1C1B9DB11F00D33220 /* FBSDKLoginKit.framework in Frameworks */ = {isa = PBXBuildFile; fileRef = 5367CF181B9DB11F00D33220 /* FBSDKLoginKit.framework */; };
		5367CF1D1B9DB11F00D33220 /* FBSDKShareKit.framework in Frameworks */ = {isa = PBXBuildFile; fileRef = 5367CF191B9DB11F00D33220 /* FBSDKShareKit.framework */; };
		5367CF211B9DBBB700D33220 /* GoogleOpenSource.framework in Frameworks */ = {isa = PBXBuildFile; fileRef = 5367CF1E1B9DBBB700D33220 /* GoogleOpenSource.framework */; };
		5367CF221B9DBBB700D33220 /* GooglePlus.bundle in Resources */ = {isa = PBXBuildFile; fileRef = 5367CF1F1B9DBBB700D33220 /* GooglePlus.bundle */; };
		5367CF231B9DBBB700D33220 /* GooglePlus.framework in Frameworks */ = {isa = PBXBuildFile; fileRef = 5367CF201B9DBBB700D33220 /* GooglePlus.framework */; };
		5367CF251B9DBBDC00D33220 /* AddressBook.framework in Frameworks */ = {isa = PBXBuildFile; fileRef = 5367CF241B9DBBDC00D33220 /* AddressBook.framework */; };
		5367CF271B9DBBEA00D33220 /* AssetsLibrary.framework in Frameworks */ = {isa = PBXBuildFile; fileRef = 5367CF261B9DBBEA00D33220 /* AssetsLibrary.framework */; };
		5367CF291B9DBBF500D33220 /* Foundation.framework in Frameworks */ = {isa = PBXBuildFile; fileRef = 5367CF281B9DBBF500D33220 /* Foundation.framework */; };
		5367CF2B1B9DBC0100D33220 /* CoreLocation.framework in Frameworks */ = {isa = PBXBuildFile; fileRef = 5367CF2A1B9DBC0100D33220 /* CoreLocation.framework */; };
		5367CF2D1B9DBC0E00D33220 /* CoreMotion.framework in Frameworks */ = {isa = PBXBuildFile; fileRef = 5367CF2C1B9DBC0E00D33220 /* CoreMotion.framework */; };
		5367CF2F1B9DBC1900D33220 /* CoreGraphics.framework in Frameworks */ = {isa = PBXBuildFile; fileRef = 5367CF2E1B9DBC1900D33220 /* CoreGraphics.framework */; };
		5367CF311B9DBC2300D33220 /* CoreText.framework in Frameworks */ = {isa = PBXBuildFile; fileRef = 5367CF301B9DBC2300D33220 /* CoreText.framework */; };
		5367CF331B9DBC2E00D33220 /* MediaPlayer.framework in Frameworks */ = {isa = PBXBuildFile; fileRef = 5367CF321B9DBC2E00D33220 /* MediaPlayer.framework */; };
		5367CF351B9DBC3C00D33220 /* Security.framework in Frameworks */ = {isa = PBXBuildFile; fileRef = 5367CF341B9DBC3C00D33220 /* Security.framework */; };
		5367CF371B9DBC4800D33220 /* SystemConfiguration.framework in Frameworks */ = {isa = PBXBuildFile; fileRef = 5367CF361B9DBC4800D33220 /* SystemConfiguration.framework */; };
		5367CF391B9DC0B200D33220 /* UIKit.framework in Frameworks */ = {isa = PBXBuildFile; fileRef = 5367CF381B9DC0B200D33220 /* UIKit.framework */; };
		53704BD81C2A96AB00E84939 /* MYRIADPRO-BOLD.OTF in Resources */ = {isa = PBXBuildFile; fileRef = 53704BD71C2A96AB00E84939 /* MYRIADPRO-BOLD.OTF */; };
		537809D31BE4C81F00C18D6B /* CheckBox.swift in Sources */ = {isa = PBXBuildFile; fileRef = 537809D21BE4C81F00C18D6B /* CheckBox.swift */; };
		537A33A01C072AAB001E1D7B /* customheadercellafterexpanstion.swift in Sources */ = {isa = PBXBuildFile; fileRef = 537A339F1C072AAB001E1D7B /* customheadercellafterexpanstion.swift */; };
		537A33A21C075535001E1D7B /* customheadercellafterexpastionforvodka.swift in Sources */ = {isa = PBXBuildFile; fileRef = 537A33A11C075535001E1D7B /* customheadercellafterexpastionforvodka.swift */; };
		537CA3D91BBA56F80082D896 /* tableviewclass.swift in Sources */ = {isa = PBXBuildFile; fileRef = 537CA3D81BBA56F80082D896 /* tableviewclass.swift */; };
		537CA3DB1BBA578A0082D896 /* customheadercell.swift in Sources */ = {isa = PBXBuildFile; fileRef = 537CA3DA1BBA578A0082D896 /* customheadercell.swift */; };
		537CA3DD1BBA57DB0082D896 /* onemoreclass1.swift in Sources */ = {isa = PBXBuildFile; fileRef = 537CA3DC1BBA57DB0082D896 /* onemoreclass1.swift */; };
		537CA3DF1BBA58240082D896 /* Restaurant.swift in Sources */ = {isa = PBXBuildFile; fileRef = 537CA3DE1BBA58240082D896 /* Restaurant.swift */; };
		537CA3E11BBA58400082D896 /* liqclass.swift in Sources */ = {isa = PBXBuildFile; fileRef = 537CA3E01BBA58400082D896 /* liqclass.swift */; };
		5382C6B21C02EFF900F6107E /* AutocompleteTextField1.swift in Sources */ = {isa = PBXBuildFile; fileRef = 5382C6B11C02EFF900F6107E /* AutocompleteTextField1.swift */; };
		5382C6B41C03146C00F6107E /* results1.swift in Sources */ = {isa = PBXBuildFile; fileRef = 5382C6B31C03146C00F6107E /* results1.swift */; };
		5382C6B61C0321CB00F6107E /* AutocompleteTextField2.swift in Sources */ = {isa = PBXBuildFile; fileRef = 5382C6B51C0321CB00F6107E /* AutocompleteTextField2.swift */; };
		538743401BCBB5F600143A1A /* maplable.swift in Sources */ = {isa = PBXBuildFile; fileRef = 5387433F1BCBB5F600143A1A /* maplable.swift */; };
		538743421BCBB8E300143A1A /* mapdata.swift in Sources */ = {isa = PBXBuildFile; fileRef = 538743411BCBB8E300143A1A /* mapdata.swift */; };
		5389EE391BC630EE007999AE /* tableviewclassvodka.swift in Sources */ = {isa = PBXBuildFile; fileRef = 5389EE381BC630EE007999AE /* tableviewclassvodka.swift */; };
		5389EE3B1BC63121007999AE /* Restauarantvodka.swift in Sources */ = {isa = PBXBuildFile; fileRef = 5389EE3A1BC63121007999AE /* Restauarantvodka.swift */; };
		5389EE3D1BC63139007999AE /* liqvodka.swift in Sources */ = {isa = PBXBuildFile; fileRef = 5389EE3C1BC63139007999AE /* liqvodka.swift */; };
		5389EE3F1BC65117007999AE /* custmheadercell1.swift in Sources */ = {isa = PBXBuildFile; fileRef = 5389EE3E1BC65117007999AE /* custmheadercell1.swift */; };
		5389EE411BC65146007999AE /* onemoreclass2.swift in Sources */ = {isa = PBXBuildFile; fileRef = 5389EE401BC65146007999AE /* onemoreclass2.swift */; };
		5389EE451BC67C66007999AE /* Fabric.framework in Frameworks */ = {isa = PBXBuildFile; fileRef = 5389EE431BC67C66007999AE /* Fabric.framework */; };
		5389EE461BC67C66007999AE /* Crashlytics.framework in Frameworks */ = {isa = PBXBuildFile; fileRef = 5389EE441BC67C66007999AE /* Crashlytics.framework */; };
		538A3F951BA9930C00A673C1 /* TableController.swift in Sources */ = {isa = PBXBuildFile; fileRef = 538A3F941BA9930C00A673C1 /* TableController.swift */; };
		538D0A421BA41914005D1386 /* AutoCompleteTextField.swift in Sources */ = {isa = PBXBuildFile; fileRef = 538D0A411BA41914005D1386 /* AutoCompleteTextField.swift */; };
		538D0A461BA4194B005D1386 /* Location.swift in Sources */ = {isa = PBXBuildFile; fileRef = 538D0A431BA4194B005D1386 /* Location.swift */; };
		538D0A471BA4194B005D1386 /* MKMapViewExtension.swift in Sources */ = {isa = PBXBuildFile; fileRef = 538D0A441BA4194B005D1386 /* MKMapViewExtension.swift */; };
		538D0A481BA4194B005D1386 /* Service.swift in Sources */ = {isa = PBXBuildFile; fileRef = 538D0A451BA4194B005D1386 /* Service.swift */; };
		538D0A4A1BA41C58005D1386 /* MapKit.framework in Frameworks */ = {isa = PBXBuildFile; fileRef = 538D0A491BA41C58005D1386 /* MapKit.framework */; };
		538EF8621C282FEA00983573 /* Newclass1ViewController.swift in Sources */ = {isa = PBXBuildFile; fileRef = 538EF8611C282FEA00983573 /* Newclass1ViewController.swift */; };
		539ECEC51C1076D800101C38 /* Bubble-moving.gif in Resources */ = {isa = PBXBuildFile; fileRef = 539ECEC41C1076D700101C38 /* Bubble-moving.gif */; };
		539ECEC71C10780000101C38 /* Bubble-moving-low.gif in Resources */ = {isa = PBXBuildFile; fileRef = 539ECEC61C10780000101C38 /* Bubble-moving-low.gif */; };
		539ECEC91C10785200101C38 /* GIFViewController.swift in Sources */ = {isa = PBXBuildFile; fileRef = 539ECEC81C10785200101C38 /* GIFViewController.swift */; };
		53A3FF951BCF873900122759 /* GiFHUD.swift in Sources */ = {isa = PBXBuildFile; fileRef = 53A3FF941BCF873900122759 /* GiFHUD.swift */; };
		53A659751C1170150002B4BC /* AViewController.swift in Sources */ = {isa = PBXBuildFile; fileRef = 53A659741C1170150002B4BC /* AViewController.swift */; };
		53A659771C11AEDE0002B4BC /* GifImageclassViewController.swift in Sources */ = {isa = PBXBuildFile; fileRef = 53A659761C11AEDE0002B4BC /* GifImageclassViewController.swift */; };
		53CB2BFE1BC3F94900F5F62C /* mapview.swift in Sources */ = {isa = PBXBuildFile; fileRef = 53CB2BFD1BC3F94900F5F62C /* mapview.swift */; };
		53E02F461BCE63110016A3D2 /* Internetcheckclass.swift in Sources */ = {isa = PBXBuildFile; fileRef = 53E02F451BCE63110016A3D2 /* Internetcheckclass.swift */; };
		53E512401BF0E6A200FFC78E /* NewClass.swift in Sources */ = {isa = PBXBuildFile; fileRef = 53E5123F1BF0E6A200FFC78E /* NewClass.swift */; };
		53ED675F1C243F74009966F6 /* MYRIADPRO-COND.OTF in Resources */ = {isa = PBXBuildFile; fileRef = 53ED675E1C243F74009966F6 /* MYRIADPRO-COND.OTF */; };
		53ED67611C244AD7009966F6 /* MYRIADPRO-REGULAR.OTF in Resources */ = {isa = PBXBuildFile; fileRef = 53ED67601C244AD7009966F6 /* MYRIADPRO-REGULAR.OTF */; };
		53F068291C2C0FA400ADC41C /* DealsNearyou.swift in Sources */ = {isa = PBXBuildFile; fileRef = 53F068281C2C0FA400ADC41C /* DealsNearyou.swift */; };
/* End PBXBuildFile section */

/* Begin PBXContainerItemProxy section */
		5367CF071B9DB0EA00D33220 /* PBXContainerItemProxy */ = {
			isa = PBXContainerItemProxy;
			containerPortal = 5367CEE91B9DB0EA00D33220 /* Project object */;
			proxyType = 1;
			remoteGlobalIDString = 5367CEF01B9DB0EA00D33220;
			remoteInfo = FinalBottomsUp;
		};
/* End PBXContainerItemProxy section */

/* Begin PBXFileReference section */
		531F58B61C3104E800E9D583 /* Dealsnearyouclass.swift */ = {isa = PBXFileReference; fileEncoding = 4; lastKnownFileType = sourcecode.swift; path = Dealsnearyouclass.swift; sourceTree = "<group>"; };
		531F58B81C3105E500E9D583 /* sectionheaderforDelasnearyouTableViewCell.swift */ = {isa = PBXFileReference; fileEncoding = 4; lastKnownFileType = sourcecode.swift; path = sectionheaderforDelasnearyouTableViewCell.swift; sourceTree = "<group>"; };
		531F58BA1C31066C00E9D583 /* childcellfordealsnearyou.swift */ = {isa = PBXFileReference; fileEncoding = 4; lastKnownFileType = sourcecode.swift; path = childcellfordealsnearyou.swift; sourceTree = "<group>"; };
		531F58BC1C311F7B00E9D583 /* DealsNearyouRowchild.swift */ = {isa = PBXFileReference; fileEncoding = 4; lastKnownFileType = sourcecode.swift; path = DealsNearyouRowchild.swift; sourceTree = "<group>"; };
		532E64541BF5EF9800B88D09 /* BeerRowCell.swift */ = {isa = PBXFileReference; fileEncoding = 4; lastKnownFileType = sourcecode.swift; path = BeerRowCell.swift; sourceTree = "<group>"; };
		532E64581BF6078D00B88D09 /* VodkaRowCell.swift */ = {isa = PBXFileReference; fileEncoding = 4; lastKnownFileType = sourcecode.swift; path = VodkaRowCell.swift; sourceTree = "<group>"; };
		534618EA1BBBDAAF00B0E188 /* results.swift */ = {isa = PBXFileReference; fileEncoding = 4; lastKnownFileType = sourcecode.swift; path = results.swift; sourceTree = "<group>"; };
		5363430E1BC2A820008018F6 /* Accounts.framework */ = {isa = PBXFileReference; lastKnownFileType = wrapper.framework; name = Accounts.framework; path = System/Library/Frameworks/Accounts.framework; sourceTree = SDKROOT; };
		536343101BC2A839008018F6 /* AdSupport.framework */ = {isa = PBXFileReference; lastKnownFileType = wrapper.framework; name = AdSupport.framework; path = System/Library/Frameworks/AdSupport.framework; sourceTree = SDKROOT; };
		536343121BC2A886008018F6 /* Social.framework */ = {isa = PBXFileReference; lastKnownFileType = wrapper.framework; name = Social.framework; path = System/Library/Frameworks/Social.framework; sourceTree = SDKROOT; };
		536343141BC2A924008018F6 /* libsqlite3.0.dylib */ = {isa = PBXFileReference; lastKnownFileType = "compiled.mach-o.dylib"; name = libsqlite3.0.dylib; path = usr/lib/libsqlite3.0.dylib; sourceTree = SDKROOT; };
		5367CEF11B9DB0EA00D33220 /* Bottomzup.app */ = {isa = PBXFileReference; explicitFileType = wrapper.application; includeInIndex = 0; path = Bottomzup.app; sourceTree = BUILT_PRODUCTS_DIR; };
		5367CEF51B9DB0EA00D33220 /* Info.plist */ = {isa = PBXFileReference; lastKnownFileType = text.plist.xml; path = Info.plist; sourceTree = "<group>"; };
		5367CEF61B9DB0EA00D33220 /* AppDelegate.swift */ = {isa = PBXFileReference; lastKnownFileType = sourcecode.swift; path = AppDelegate.swift; sourceTree = "<group>"; };
		5367CEF81B9DB0EA00D33220 /* ViewController.swift */ = {isa = PBXFileReference; lastKnownFileType = sourcecode.swift; path = ViewController.swift; sourceTree = "<group>"; };
		5367CEFB1B9DB0EA00D33220 /* Base */ = {isa = PBXFileReference; lastKnownFileType = file.storyboard; name = Base; path = Base.lproj/Main.storyboard; sourceTree = "<group>"; };
		5367CEFD1B9DB0EA00D33220 /* Images.xcassets */ = {isa = PBXFileReference; lastKnownFileType = folder.assetcatalog; path = Images.xcassets; sourceTree = "<group>"; };
		5367CF001B9DB0EA00D33220 /* Base */ = {isa = PBXFileReference; lastKnownFileType = file.xib; name = Base; path = Base.lproj/LaunchScreen.xib; sourceTree = "<group>"; };
		5367CF061B9DB0EA00D33220 /* BottomzupTests.xctest */ = {isa = PBXFileReference; explicitFileType = wrapper.cfbundle; includeInIndex = 0; path = BottomzupTests.xctest; sourceTree = BUILT_PRODUCTS_DIR; };
		5367CF0B1B9DB0EA00D33220 /* Info.plist */ = {isa = PBXFileReference; lastKnownFileType = text.plist.xml; path = Info.plist; sourceTree = "<group>"; };
		5367CF0C1B9DB0EA00D33220 /* FinalBottomsUpTests.swift */ = {isa = PBXFileReference; lastKnownFileType = sourcecode.swift; path = FinalBottomsUpTests.swift; sourceTree = "<group>"; };
		5367CF161B9DB11F00D33220 /* FacebookSDK.framework */ = {isa = PBXFileReference; lastKnownFileType = wrapper.framework; path = FacebookSDK.framework; sourceTree = "<group>"; };
		5367CF171B9DB11F00D33220 /* FBSDKCoreKit.framework */ = {isa = PBXFileReference; lastKnownFileType = wrapper.framework; path = FBSDKCoreKit.framework; sourceTree = "<group>"; };
		5367CF181B9DB11F00D33220 /* FBSDKLoginKit.framework */ = {isa = PBXFileReference; lastKnownFileType = wrapper.framework; path = FBSDKLoginKit.framework; sourceTree = "<group>"; };
		5367CF191B9DB11F00D33220 /* FBSDKShareKit.framework */ = {isa = PBXFileReference; lastKnownFileType = wrapper.framework; path = FBSDKShareKit.framework; sourceTree = "<group>"; };
		5367CF1E1B9DBBB700D33220 /* GoogleOpenSource.framework */ = {isa = PBXFileReference; lastKnownFileType = wrapper.framework; path = GoogleOpenSource.framework; sourceTree = "<group>"; };
		5367CF1F1B9DBBB700D33220 /* GooglePlus.bundle */ = {isa = PBXFileReference; lastKnownFileType = "wrapper.plug-in"; path = GooglePlus.bundle; sourceTree = "<group>"; };
		5367CF201B9DBBB700D33220 /* GooglePlus.framework */ = {isa = PBXFileReference; lastKnownFileType = wrapper.framework; path = GooglePlus.framework; sourceTree = "<group>"; };
		5367CF241B9DBBDC00D33220 /* AddressBook.framework */ = {isa = PBXFileReference; lastKnownFileType = wrapper.framework; name = AddressBook.framework; path = System/Library/Frameworks/AddressBook.framework; sourceTree = SDKROOT; };
		5367CF261B9DBBEA00D33220 /* AssetsLibrary.framework */ = {isa = PBXFileReference; lastKnownFileType = wrapper.framework; name = AssetsLibrary.framework; path = System/Library/Frameworks/AssetsLibrary.framework; sourceTree = SDKROOT; };
		5367CF281B9DBBF500D33220 /* Foundation.framework */ = {isa = PBXFileReference; lastKnownFileType = wrapper.framework; name = Foundation.framework; path = System/Library/Frameworks/Foundation.framework; sourceTree = SDKROOT; };
		5367CF2A1B9DBC0100D33220 /* CoreLocation.framework */ = {isa = PBXFileReference; lastKnownFileType = wrapper.framework; name = CoreLocation.framework; path = System/Library/Frameworks/CoreLocation.framework; sourceTree = SDKROOT; };
		5367CF2C1B9DBC0E00D33220 /* CoreMotion.framework */ = {isa = PBXFileReference; lastKnownFileType = wrapper.framework; name = CoreMotion.framework; path = System/Library/Frameworks/CoreMotion.framework; sourceTree = SDKROOT; };
		5367CF2E1B9DBC1900D33220 /* CoreGraphics.framework */ = {isa = PBXFileReference; lastKnownFileType = wrapper.framework; name = CoreGraphics.framework; path = System/Library/Frameworks/CoreGraphics.framework; sourceTree = SDKROOT; };
		5367CF301B9DBC2300D33220 /* CoreText.framework */ = {isa = PBXFileReference; lastKnownFileType = wrapper.framework; name = CoreText.framework; path = System/Library/Frameworks/CoreText.framework; sourceTree = SDKROOT; };
		5367CF321B9DBC2E00D33220 /* MediaPlayer.framework */ = {isa = PBXFileReference; lastKnownFileType = wrapper.framework; name = MediaPlayer.framework; path = System/Library/Frameworks/MediaPlayer.framework; sourceTree = SDKROOT; };
		5367CF341B9DBC3C00D33220 /* Security.framework */ = {isa = PBXFileReference; lastKnownFileType = wrapper.framework; name = Security.framework; path = System/Library/Frameworks/Security.framework; sourceTree = SDKROOT; };
		5367CF361B9DBC4800D33220 /* SystemConfiguration.framework */ = {isa = PBXFileReference; lastKnownFileType = wrapper.framework; name = SystemConfiguration.framework; path = System/Library/Frameworks/SystemConfiguration.framework; sourceTree = SDKROOT; };
		5367CF381B9DC0B200D33220 /* UIKit.framework */ = {isa = PBXFileReference; lastKnownFileType = wrapper.framework; name = UIKit.framework; path = System/Library/Frameworks/UIKit.framework; sourceTree = SDKROOT; };
		5367CF3A1B9DC13F00D33220 /* Bridging-Header.h */ = {isa = PBXFileReference; lastKnownFileType = sourcecode.c.h; name = "Bridging-Header.h"; path = "../Bridging-Header.h"; sourceTree = "<group>"; };
		53704BD71C2A96AB00E84939 /* MYRIADPRO-BOLD.OTF */ = {isa = PBXFileReference; lastKnownFileType = file; path = "MYRIADPRO-BOLD.OTF"; sourceTree = "<group>"; };
		537809D21BE4C81F00C18D6B /* CheckBox.swift */ = {isa = PBXFileReference; fileEncoding = 4; lastKnownFileType = sourcecode.swift; path = CheckBox.swift; sourceTree = "<group>"; };
		537A339F1C072AAB001E1D7B /* customheadercellafterexpanstion.swift */ = {isa = PBXFileReference; fileEncoding = 4; lastKnownFileType = sourcecode.swift; path = customheadercellafterexpanstion.swift; sourceTree = "<group>"; };
		537A33A11C075535001E1D7B /* customheadercellafterexpastionforvodka.swift */ = {isa = PBXFileReference; fileEncoding = 4; lastKnownFileType = sourcecode.swift; path = customheadercellafterexpastionforvodka.swift; sourceTree = "<group>"; };
		537CA3D81BBA56F80082D896 /* tableviewclass.swift */ = {isa = PBXFileReference; fileEncoding = 4; lastKnownFileType = sourcecode.swift; path = tableviewclass.swift; sourceTree = "<group>"; };
		537CA3DA1BBA578A0082D896 /* customheadercell.swift */ = {isa = PBXFileReference; fileEncoding = 4; lastKnownFileType = sourcecode.swift; path = customheadercell.swift; sourceTree = "<group>"; };
		537CA3DC1BBA57DB0082D896 /* onemoreclass1.swift */ = {isa = PBXFileReference; fileEncoding = 4; lastKnownFileType = sourcecode.swift; path = onemoreclass1.swift; sourceTree = "<group>"; };
		537CA3DE1BBA58240082D896 /* Restaurant.swift */ = {isa = PBXFileReference; fileEncoding = 4; lastKnownFileType = sourcecode.swift; path = Restaurant.swift; sourceTree = "<group>"; };
		537CA3E01BBA58400082D896 /* liqclass.swift */ = {isa = PBXFileReference; fileEncoding = 4; lastKnownFileType = sourcecode.swift; path = liqclass.swift; sourceTree = "<group>"; };
		5382C6B11C02EFF900F6107E /* AutocompleteTextField1.swift */ = {isa = PBXFileReference; fileEncoding = 4; lastKnownFileType = sourcecode.swift; path = AutocompleteTextField1.swift; sourceTree = "<group>"; };
		5382C6B31C03146C00F6107E /* results1.swift */ = {isa = PBXFileReference; fileEncoding = 4; lastKnownFileType = sourcecode.swift; path = results1.swift; sourceTree = "<group>"; };
		5382C6B51C0321CB00F6107E /* AutocompleteTextField2.swift */ = {isa = PBXFileReference; fileEncoding = 4; lastKnownFileType = sourcecode.swift; path = AutocompleteTextField2.swift; sourceTree = "<group>"; };
		5387433F1BCBB5F600143A1A /* maplable.swift */ = {isa = PBXFileReference; fileEncoding = 4; lastKnownFileType = sourcecode.swift; path = maplable.swift; sourceTree = "<group>"; };
		538743411BCBB8E300143A1A /* mapdata.swift */ = {isa = PBXFileReference; fileEncoding = 4; lastKnownFileType = sourcecode.swift; path = mapdata.swift; sourceTree = "<group>"; };
		5389EE381BC630EE007999AE /* tableviewclassvodka.swift */ = {isa = PBXFileReference; fileEncoding = 4; lastKnownFileType = sourcecode.swift; path = tableviewclassvodka.swift; sourceTree = "<group>"; };
		5389EE3A1BC63121007999AE /* Restauarantvodka.swift */ = {isa = PBXFileReference; fileEncoding = 4; lastKnownFileType = sourcecode.swift; path = Restauarantvodka.swift; sourceTree = "<group>"; };
		5389EE3C1BC63139007999AE /* liqvodka.swift */ = {isa = PBXFileReference; fileEncoding = 4; lastKnownFileType = sourcecode.swift; path = liqvodka.swift; sourceTree = "<group>"; };
		5389EE3E1BC65117007999AE /* custmheadercell1.swift */ = {isa = PBXFileReference; fileEncoding = 4; lastKnownFileType = sourcecode.swift; path = custmheadercell1.swift; sourceTree = "<group>"; };
		5389EE401BC65146007999AE /* onemoreclass2.swift */ = {isa = PBXFileReference; fileEncoding = 4; lastKnownFileType = sourcecode.swift; path = onemoreclass2.swift; sourceTree = "<group>"; };
		5389EE431BC67C66007999AE /* Fabric.framework */ = {isa = PBXFileReference; lastKnownFileType = wrapper.framework; path = Fabric.framework; sourceTree = "<group>"; };
		5389EE441BC67C66007999AE /* Crashlytics.framework */ = {isa = PBXFileReference; lastKnownFileType = wrapper.framework; path = Crashlytics.framework; sourceTree = "<group>"; };
		538A3F941BA9930C00A673C1 /* TableController.swift */ = {isa = PBXFileReference; fileEncoding = 4; lastKnownFileType = sourcecode.swift; path = TableController.swift; sourceTree = "<group>"; };
		538D0A411BA41914005D1386 /* AutoCompleteTextField.swift */ = {isa = PBXFileReference; fileEncoding = 4; lastKnownFileType = sourcecode.swift; path = AutoCompleteTextField.swift; sourceTree = "<group>"; };
		538D0A431BA4194B005D1386 /* Location.swift */ = {isa = PBXFileReference; fileEncoding = 4; lastKnownFileType = sourcecode.swift; path = Location.swift; sourceTree = "<group>"; };
		538D0A441BA4194B005D1386 /* MKMapViewExtension.swift */ = {isa = PBXFileReference; fileEncoding = 4; lastKnownFileType = sourcecode.swift; path = MKMapViewExtension.swift; sourceTree = "<group>"; };
		538D0A451BA4194B005D1386 /* Service.swift */ = {isa = PBXFileReference; fileEncoding = 4; lastKnownFileType = sourcecode.swift; path = Service.swift; sourceTree = "<group>"; };
		538D0A491BA41C58005D1386 /* MapKit.framework */ = {isa = PBXFileReference; lastKnownFileType = wrapper.framework; name = MapKit.framework; path = System/Library/Frameworks/MapKit.framework; sourceTree = SDKROOT; };
		538EF8611C282FEA00983573 /* Newclass1ViewController.swift */ = {isa = PBXFileReference; fileEncoding = 4; lastKnownFileType = sourcecode.swift; path = Newclass1ViewController.swift; sourceTree = "<group>"; };
		539ECEC41C1076D700101C38 /* Bubble-moving.gif */ = {isa = PBXFileReference; lastKnownFileType = image.gif; path = "Bubble-moving.gif"; sourceTree = "<group>"; };
		539ECEC61C10780000101C38 /* Bubble-moving-low.gif */ = {isa = PBXFileReference; lastKnownFileType = image.gif; path = "Bubble-moving-low.gif"; sourceTree = "<group>"; };
		539ECEC81C10785200101C38 /* GIFViewController.swift */ = {isa = PBXFileReference; fileEncoding = 4; lastKnownFileType = sourcecode.swift; path = GIFViewController.swift; sourceTree = "<group>"; };
		53A3FF941BCF873900122759 /* GiFHUD.swift */ = {isa = PBXFileReference; fileEncoding = 4; lastKnownFileType = sourcecode.swift; name = GiFHUD.swift; path = "../../../../../../Downloads/GiFHUD-Swift-master/GiFHUD-Swift/GiFHUD.swift"; sourceTree = "<group>"; };
		53A659741C1170150002B4BC /* AViewController.swift */ = {isa = PBXFileReference; fileEncoding = 4; lastKnownFileType = sourcecode.swift; path = AViewController.swift; sourceTree = "<group>"; };
		53A659761C11AEDE0002B4BC /* GifImageclassViewController.swift */ = {isa = PBXFileReference; fileEncoding = 4; lastKnownFileType = sourcecode.swift; path = GifImageclassViewController.swift; sourceTree = "<group>"; };
		53CB2BFD1BC3F94900F5F62C /* mapview.swift */ = {isa = PBXFileReference; fileEncoding = 4; lastKnownFileType = sourcecode.swift; path = mapview.swift; sourceTree = "<group>"; };
		53E02F451BCE63110016A3D2 /* Internetcheckclass.swift */ = {isa = PBXFileReference; fileEncoding = 4; lastKnownFileType = sourcecode.swift; path = Internetcheckclass.swift; sourceTree = "<group>"; };
		53E5123F1BF0E6A200FFC78E /* NewClass.swift */ = {isa = PBXFileReference; fileEncoding = 4; lastKnownFileType = sourcecode.swift; path = NewClass.swift; sourceTree = "<group>"; };
		53ED675E1C243F74009966F6 /* MYRIADPRO-COND.OTF */ = {isa = PBXFileReference; lastKnownFileType = file; path = "MYRIADPRO-COND.OTF"; sourceTree = "<group>"; };
		53ED67601C244AD7009966F6 /* MYRIADPRO-REGULAR.OTF */ = {isa = PBXFileReference; lastKnownFileType = file; path = "MYRIADPRO-REGULAR.OTF"; sourceTree = "<group>"; };
		53F068281C2C0FA400ADC41C /* DealsNearyou.swift */ = {isa = PBXFileReference; fileEncoding = 4; lastKnownFileType = sourcecode.swift; path = DealsNearyou.swift; sourceTree = "<group>"; };
		A3E6ABB127B08185A6ECEC40 /* Pods.debug.xcconfig */ = {isa = PBXFileReference; includeInIndex = 1; lastKnownFileType = text.xcconfig; name = Pods.debug.xcconfig; path = "Pods/Target Support Files/Pods/Pods.debug.xcconfig"; sourceTree = "<group>"; };
		BBAACA6BEA2DB090A27F178F /* Pods.release.xcconfig */ = {isa = PBXFileReference; includeInIndex = 1; lastKnownFileType = text.xcconfig; name = Pods.release.xcconfig; path = "Pods/Target Support Files/Pods/Pods.release.xcconfig"; sourceTree = "<group>"; };
		D167FABA4877F1BA58EC2E16 /* Pods.framework */ = {isa = PBXFileReference; explicitFileType = wrapper.framework; includeInIndex = 0; path = Pods.framework; sourceTree = BUILT_PRODUCTS_DIR; };
/* End PBXFileReference section */

/* Begin PBXFrameworksBuildPhase section */
		5367CEEE1B9DB0EA00D33220 /* Frameworks */ = {
			isa = PBXFrameworksBuildPhase;
			buildActionMask = 2147483647;
			files = (
				536343131BC2A886008018F6 /* Social.framework in Frameworks */,
				536343151BC2A924008018F6 /* libsqlite3.0.dylib in Frameworks */,
				536343111BC2A839008018F6 /* AdSupport.framework in Frameworks */,
				5363430F1BC2A820008018F6 /* Accounts.framework in Frameworks */,
				538D0A4A1BA41C58005D1386 /* MapKit.framework in Frameworks */,
				5367CF391B9DC0B200D33220 /* UIKit.framework in Frameworks */,
				5367CF371B9DBC4800D33220 /* SystemConfiguration.framework in Frameworks */,
				5367CF351B9DBC3C00D33220 /* Security.framework in Frameworks */,
				5367CF331B9DBC2E00D33220 /* MediaPlayer.framework in Frameworks */,
				5367CF311B9DBC2300D33220 /* CoreText.framework in Frameworks */,
				5367CF2F1B9DBC1900D33220 /* CoreGraphics.framework in Frameworks */,
				5389EE451BC67C66007999AE /* Fabric.framework in Frameworks */,
				5367CF2D1B9DBC0E00D33220 /* CoreMotion.framework in Frameworks */,
				5367CF2B1B9DBC0100D33220 /* CoreLocation.framework in Frameworks */,
				5367CF291B9DBBF500D33220 /* Foundation.framework in Frameworks */,
				5367CF271B9DBBEA00D33220 /* AssetsLibrary.framework in Frameworks */,
				5367CF251B9DBBDC00D33220 /* AddressBook.framework in Frameworks */,
				5367CF211B9DBBB700D33220 /* GoogleOpenSource.framework in Frameworks */,
				5367CF231B9DBBB700D33220 /* GooglePlus.framework in Frameworks */,
				5367CF1D1B9DB11F00D33220 /* FBSDKShareKit.framework in Frameworks */,
				5367CF1A1B9DB11F00D33220 /* FacebookSDK.framework in Frameworks */,
				5389EE461BC67C66007999AE /* Crashlytics.framework in Frameworks */,
				5367CF1B1B9DB11F00D33220 /* FBSDKCoreKit.framework in Frameworks */,
				5367CF1C1B9DB11F00D33220 /* FBSDKLoginKit.framework in Frameworks */,
				2E99E8310E9F1A57A2C3DDF9 /* Pods.framework in Frameworks */,
			);
			runOnlyForDeploymentPostprocessing = 0;
		};
		5367CF031B9DB0EA00D33220 /* Frameworks */ = {
			isa = PBXFrameworksBuildPhase;
			buildActionMask = 2147483647;
			files = (
			);
			runOnlyForDeploymentPostprocessing = 0;
		};
/* End PBXFrameworksBuildPhase section */

/* Begin PBXGroup section */
		3AA0B06FB4310A3F5240AAE8 /* Pods */ = {
			isa = PBXGroup;
			children = (
				A3E6ABB127B08185A6ECEC40 /* Pods.debug.xcconfig */,
				BBAACA6BEA2DB090A27F178F /* Pods.release.xcconfig */,
			);
			name = Pods;
			sourceTree = "<group>";
		};
		5367CEE81B9DB0EA00D33220 = {
			isa = PBXGroup;
			children = (
				5367CF381B9DC0B200D33220 /* UIKit.framework */,
				5367CF361B9DBC4800D33220 /* SystemConfiguration.framework */,
				5367CF341B9DBC3C00D33220 /* Security.framework */,
				5367CF321B9DBC2E00D33220 /* MediaPlayer.framework */,
				5367CF301B9DBC2300D33220 /* CoreText.framework */,
				5367CF2E1B9DBC1900D33220 /* CoreGraphics.framework */,
				5367CF2C1B9DBC0E00D33220 /* CoreMotion.framework */,
				5367CF2A1B9DBC0100D33220 /* CoreLocation.framework */,
				5367CF281B9DBBF500D33220 /* Foundation.framework */,
				5367CF261B9DBBEA00D33220 /* AssetsLibrary.framework */,
				5367CF241B9DBBDC00D33220 /* AddressBook.framework */,
				5367CEF31B9DB0EA00D33220 /* FinalBottomsUp */,
				5367CF091B9DB0EA00D33220 /* FinalBottomsUpTests */,
				5367CEF21B9DB0EA00D33220 /* Products */,
				F0658164BB9C2D2F4CBFF537 /* Frameworks */,
				3AA0B06FB4310A3F5240AAE8 /* Pods */,
			);
			sourceTree = "<group>";
		};
		5367CEF21B9DB0EA00D33220 /* Products */ = {
			isa = PBXGroup;
			children = (
				5367CEF11B9DB0EA00D33220 /* Bottomzup.app */,
				5367CF061B9DB0EA00D33220 /* BottomzupTests.xctest */,
			);
			name = Products;
			sourceTree = "<group>";
		};
		5367CEF31B9DB0EA00D33220 /* FinalBottomsUp */ = {
			isa = PBXGroup;
			children = (
				539ECEC41C1076D700101C38 /* Bubble-moving.gif */,
				539ECEC61C10780000101C38 /* Bubble-moving-low.gif */,
				53A659741C1170150002B4BC /* AViewController.swift */,
				539ECEC81C10785200101C38 /* GIFViewController.swift */,
				537809D21BE4C81F00C18D6B /* CheckBox.swift */,
				53A3FF941BCF873900122759 /* GiFHUD.swift */,
				538A3F941BA9930C00A673C1 /* TableController.swift */,
				538D0A431BA4194B005D1386 /* Location.swift */,
				538D0A441BA4194B005D1386 /* MKMapViewExtension.swift */,
				538D0A451BA4194B005D1386 /* Service.swift */,
				538D0A411BA41914005D1386 /* AutoCompleteTextField.swift */,
				5382C6B51C0321CB00F6107E /* AutocompleteTextField2.swift */,
				5382C6B11C02EFF900F6107E /* AutocompleteTextField1.swift */,
				5367CF1E1B9DBBB700D33220 /* GoogleOpenSource.framework */,
				5367CF1F1B9DBBB700D33220 /* GooglePlus.bundle */,
				5367CF201B9DBBB700D33220 /* GooglePlus.framework */,
				5367CF161B9DB11F00D33220 /* FacebookSDK.framework */,
				5367CF171B9DB11F00D33220 /* FBSDKCoreKit.framework */,
				5367CF181B9DB11F00D33220 /* FBSDKLoginKit.framework */,
				5367CF191B9DB11F00D33220 /* FBSDKShareKit.framework */,
				5367CEF61B9DB0EA00D33220 /* AppDelegate.swift */,
				53ED675E1C243F74009966F6 /* MYRIADPRO-COND.OTF */,
				53ED67601C244AD7009966F6 /* MYRIADPRO-REGULAR.OTF */,
				53704BD71C2A96AB00E84939 /* MYRIADPRO-BOLD.OTF */,
				5367CEF81B9DB0EA00D33220 /* ViewController.swift */,
				53F068281C2C0FA400ADC41C /* DealsNearyou.swift */,
				531F58B61C3104E800E9D583 /* Dealsnearyouclass.swift */,
				531F58BC1C311F7B00E9D583 /* DealsNearyouRowchild.swift */,
				53A659761C11AEDE0002B4BC /* GifImageclassViewController.swift */,
				531F58B81C3105E500E9D583 /* sectionheaderforDelasnearyouTableViewCell.swift */,
				531F58BA1C31066C00E9D583 /* childcellfordealsnearyou.swift */,
				532E64541BF5EF9800B88D09 /* BeerRowCell.swift */,
				537CA3D81BBA56F80082D896 /* tableviewclass.swift */,
				5382C6B31C03146C00F6107E /* results1.swift */,
				53E5123F1BF0E6A200FFC78E /* NewClass.swift */,
				538EF8611C282FEA00983573 /* Newclass1ViewController.swift */,
				534618EA1BBBDAAF00B0E188 /* results.swift */,
				537CA3DA1BBA578A0082D896 /* customheadercell.swift */,
				537A339F1C072AAB001E1D7B /* customheadercellafterexpanstion.swift */,
				537CA3DC1BBA57DB0082D896 /* onemoreclass1.swift */,
				5367CEFA1B9DB0EA00D33220 /* Main.storyboard */,
				5367CEFD1B9DB0EA00D33220 /* Images.xcassets */,
				5367CEFF1B9DB0EA00D33220 /* LaunchScreen.xib */,
				5367CEF41B9DB0EA00D33220 /* Supporting Files */,
				537CA3DE1BBA58240082D896 /* Restaurant.swift */,
				537CA3E01BBA58400082D896 /* liqclass.swift */,
				53CB2BFD1BC3F94900F5F62C /* mapview.swift */,
				538743411BCBB8E300143A1A /* mapdata.swift */,
				5387433F1BCBB5F600143A1A /* maplable.swift */,
				532E64581BF6078D00B88D09 /* VodkaRowCell.swift */,
				5389EE381BC630EE007999AE /* tableviewclassvodka.swift */,
				5389EE3A1BC63121007999AE /* Restauarantvodka.swift */,
				5389EE3C1BC63139007999AE /* liqvodka.swift */,
				5389EE3E1BC65117007999AE /* custmheadercell1.swift */,
				537A33A11C075535001E1D7B /* customheadercellafterexpastionforvodka.swift */,
				5389EE401BC65146007999AE /* onemoreclass2.swift */,
				53E02F451BCE63110016A3D2 /* Internetcheckclass.swift */,
			);
			path = FinalBottomsUp;
			sourceTree = "<group>";
		};
		5367CEF41B9DB0EA00D33220 /* Supporting Files */ = {
			isa = PBXGroup;
			children = (
				5367CF3A1B9DC13F00D33220 /* Bridging-Header.h */,
				5367CEF51B9DB0EA00D33220 /* Info.plist */,
			);
			name = "Supporting Files";
			sourceTree = "<group>";
		};
		5367CF091B9DB0EA00D33220 /* FinalBottomsUpTests */ = {
			isa = PBXGroup;
			children = (
				5367CF0C1B9DB0EA00D33220 /* FinalBottomsUpTests.swift */,
				5367CF0A1B9DB0EA00D33220 /* Supporting Files */,
			);
			path = FinalBottomsUpTests;
			sourceTree = "<group>";
		};
		5367CF0A1B9DB0EA00D33220 /* Supporting Files */ = {
			isa = PBXGroup;
			children = (
				5367CF0B1B9DB0EA00D33220 /* Info.plist */,
			);
			name = "Supporting Files";
			sourceTree = "<group>";
		};
		F0658164BB9C2D2F4CBFF537 /* Frameworks */ = {
			isa = PBXGroup;
			children = (
				536343141BC2A924008018F6 /* libsqlite3.0.dylib */,
				5389EE431BC67C66007999AE /* Fabric.framework */,
				5389EE441BC67C66007999AE /* Crashlytics.framework */,
				536343121BC2A886008018F6 /* Social.framework */,
				536343101BC2A839008018F6 /* AdSupport.framework */,
				5363430E1BC2A820008018F6 /* Accounts.framework */,
				538D0A491BA41C58005D1386 /* MapKit.framework */,
				D167FABA4877F1BA58EC2E16 /* Pods.framework */,
			);
			name = Frameworks;
			sourceTree = "<group>";
		};
/* End PBXGroup section */

/* Begin PBXNativeTarget section */
		5367CEF01B9DB0EA00D33220 /* Bottomzup */ = {
			isa = PBXNativeTarget;
			buildConfigurationList = 5367CF101B9DB0EA00D33220 /* Build configuration list for PBXNativeTarget "Bottomzup" */;
			buildPhases = (
				07F6D8DDD6AF7D111FE2439A /* Check Pods Manifest.lock */,
				5367CEED1B9DB0EA00D33220 /* Sources */,
				5367CEEE1B9DB0EA00D33220 /* Frameworks */,
				5367CEEF1B9DB0EA00D33220 /* Resources */,
				A1A370905CE0F7CE71B9FC20 /* Copy Pods Resources */,
				8445A5358FADC04BDAE4EDBF /* Embed Pods Frameworks */,
				5389EE421BC67B65007999AE /* Run Script */,
			);
			buildRules = (
			);
			dependencies = (
			);
			name = Bottomzup;
			productName = FinalBottomsUp;
			productReference = 5367CEF11B9DB0EA00D33220 /* Bottomzup.app */;
			productType = "com.apple.product-type.application";
		};
		5367CF051B9DB0EA00D33220 /* BottomzupTests */ = {
			isa = PBXNativeTarget;
			buildConfigurationList = 5367CF131B9DB0EA00D33220 /* Build configuration list for PBXNativeTarget "BottomzupTests" */;
			buildPhases = (
				5367CF021B9DB0EA00D33220 /* Sources */,
				5367CF031B9DB0EA00D33220 /* Frameworks */,
				5367CF041B9DB0EA00D33220 /* Resources */,
			);
			buildRules = (
			);
			dependencies = (
				5367CF081B9DB0EA00D33220 /* PBXTargetDependency */,
			);
			name = BottomzupTests;
			productName = FinalBottomsUpTests;
			productReference = 5367CF061B9DB0EA00D33220 /* BottomzupTests.xctest */;
			productType = "com.apple.product-type.bundle.unit-test";
		};
/* End PBXNativeTarget section */

/* Begin PBXProject section */
		5367CEE91B9DB0EA00D33220 /* Project object */ = {
			isa = PBXProject;
			attributes = {
				LastUpgradeCheck = 0630;
				ORGANIZATIONNAME = "Appsriv Technologies";
				TargetAttributes = {
					5367CEF01B9DB0EA00D33220 = {
						CreatedOnToolsVersion = 6.3.2;
						DevelopmentTeam = K37J4WCRKJ;
					};
					5367CF051B9DB0EA00D33220 = {
						CreatedOnToolsVersion = 6.3.2;
						TestTargetID = 5367CEF01B9DB0EA00D33220;
					};
				};
			};
			buildConfigurationList = 5367CEEC1B9DB0EA00D33220 /* Build configuration list for PBXProject "Bottomzup" */;
			compatibilityVersion = "Xcode 3.2";
			developmentRegion = English;
			hasScannedForEncodings = 0;
			knownRegions = (
				en,
				Base,
			);
			mainGroup = 5367CEE81B9DB0EA00D33220;
			productRefGroup = 5367CEF21B9DB0EA00D33220 /* Products */;
			projectDirPath = "";
			projectRoot = "";
			targets = (
				5367CEF01B9DB0EA00D33220 /* Bottomzup */,
				5367CF051B9DB0EA00D33220 /* BottomzupTests */,
			);
		};
/* End PBXProject section */

/* Begin PBXResourcesBuildPhase section */
		5367CEEF1B9DB0EA00D33220 /* Resources */ = {
			isa = PBXResourcesBuildPhase;
			buildActionMask = 2147483647;
			files = (
				5367CEFC1B9DB0EA00D33220 /* Main.storyboard in Resources */,
				53ED675F1C243F74009966F6 /* MYRIADPRO-COND.OTF in Resources */,
				53ED67611C244AD7009966F6 /* MYRIADPRO-REGULAR.OTF in Resources */,
				53704BD81C2A96AB00E84939 /* MYRIADPRO-BOLD.OTF in Resources */,
				5367CF011B9DB0EA00D33220 /* LaunchScreen.xib in Resources */,
				5367CF221B9DBBB700D33220 /* GooglePlus.bundle in Resources */,
				539ECEC71C10780000101C38 /* Bubble-moving-low.gif in Resources */,
				5367CEFE1B9DB0EA00D33220 /* Images.xcassets in Resources */,
				539ECEC51C1076D800101C38 /* Bubble-moving.gif in Resources */,
			);
			runOnlyForDeploymentPostprocessing = 0;
		};
		5367CF041B9DB0EA00D33220 /* Resources */ = {
			isa = PBXResourcesBuildPhase;
			buildActionMask = 2147483647;
			files = (
			);
			runOnlyForDeploymentPostprocessing = 0;
		};
/* End PBXResourcesBuildPhase section */

/* Begin PBXShellScriptBuildPhase section */
		07F6D8DDD6AF7D111FE2439A /* Check Pods Manifest.lock */ = {
			isa = PBXShellScriptBuildPhase;
			buildActionMask = 2147483647;
			files = (
			);
			inputPaths = (
			);
			name = "Check Pods Manifest.lock";
			outputPaths = (
			);
			runOnlyForDeploymentPostprocessing = 0;
			shellPath = /bin/sh;
			shellScript = "diff \"${PODS_ROOT}/../Podfile.lock\" \"${PODS_ROOT}/Manifest.lock\" > /dev/null\nif [[ $? != 0 ]] ; then\n    cat << EOM\nerror: The sandbox is not in sync with the Podfile.lock. Run 'pod install' or update your CocoaPods installation.\nEOM\n    exit 1\nfi\n";
			showEnvVarsInLog = 0;
		};
		5389EE421BC67B65007999AE /* Run Script */ = {
			isa = PBXShellScriptBuildPhase;
			buildActionMask = 2147483647;
			files = (
			);
			inputPaths = (
			);
			name = "Run Script";
			outputPaths = (
			);
			runOnlyForDeploymentPostprocessing = 0;
			shellPath = /bin/sh;
			shellScript = "./Fabric.framework/run 701deba335050d0d9e2859b4ca3b29cefeb496ff 9cb61239c7b1de7936977d7d88d82a71943f9a0f6c6a7344920b5b999426480d";
		};
		8445A5358FADC04BDAE4EDBF /* Embed Pods Frameworks */ = {
			isa = PBXShellScriptBuildPhase;
			buildActionMask = 2147483647;
			files = (
			);
			inputPaths = (
			);
			name = "Embed Pods Frameworks";
			outputPaths = (
			);
			runOnlyForDeploymentPostprocessing = 0;
			shellPath = /bin/sh;
			shellScript = "\"${SRCROOT}/Pods/Target Support Files/Pods/Pods-frameworks.sh\"\n";
			showEnvVarsInLog = 0;
		};
		A1A370905CE0F7CE71B9FC20 /* Copy Pods Resources */ = {
			isa = PBXShellScriptBuildPhase;
			buildActionMask = 2147483647;
			files = (
			);
			inputPaths = (
			);
			name = "Copy Pods Resources";
			outputPaths = (
			);
			runOnlyForDeploymentPostprocessing = 0;
			shellPath = /bin/sh;
			shellScript = "\"${SRCROOT}/Pods/Target Support Files/Pods/Pods-resources.sh\"\n";
			showEnvVarsInLog = 0;
		};
/* End PBXShellScriptBuildPhase section */

/* Begin PBXSourcesBuildPhase section */
		5367CEED1B9DB0EA00D33220 /* Sources */ = {
			isa = PBXSourcesBuildPhase;
			buildActionMask = 2147483647;
			files = (
				538EF8621C282FEA00983573 /* Newclass1ViewController.swift in Sources */,
				5382C6B41C03146C00F6107E /* results1.swift in Sources */,
				5389EE3B1BC63121007999AE /* Restauarantvodka.swift in Sources */,
				538D0A471BA4194B005D1386 /* MKMapViewExtension.swift in Sources */,
				538A3F951BA9930C00A673C1 /* TableController.swift in Sources */,
				5382C6B21C02EFF900F6107E /* AutocompleteTextField1.swift in Sources */,
				538743421BCBB8E300143A1A /* mapdata.swift in Sources */,
				532E64551BF5EF9800B88D09 /* BeerRowCell.swift in Sources */,
				531F58BB1C31066C00E9D583 /* childcellfordealsnearyou.swift in Sources */,
				538743401BCBB5F600143A1A /* maplable.swift in Sources */,
				539ECEC91C10785200101C38 /* GIFViewController.swift in Sources */,
				531F58B91C3105E500E9D583 /* sectionheaderforDelasnearyouTableViewCell.swift in Sources */,
				53F068291C2C0FA400ADC41C /* DealsNearyou.swift in Sources */,
				5389EE3F1BC65117007999AE /* custmheadercell1.swift in Sources */,
				537CA3E11BBA58400082D896 /* liqclass.swift in Sources */,
				5367CEF91B9DB0EA00D33220 /* ViewController.swift in Sources */,
				53A659771C11AEDE0002B4BC /* GifImageclassViewController.swift in Sources */,
				537809D31BE4C81F00C18D6B /* CheckBox.swift in Sources */,
				531F58B71C3104E800E9D583 /* Dealsnearyouclass.swift in Sources */,
				537CA3D91BBA56F80082D896 /* tableviewclass.swift in Sources */,
				532E64591BF6078D00B88D09 /* VodkaRowCell.swift in Sources */,
				537A33A01C072AAB001E1D7B /* customheadercellafterexpanstion.swift in Sources */,
				531F58BD1C311F7B00E9D583 /* DealsNearyouRowchild.swift in Sources */,
				537CA3DB1BBA578A0082D896 /* customheadercell.swift in Sources */,
				537CA3DD1BBA57DB0082D896 /* onemoreclass1.swift in Sources */,
				53A659751C1170150002B4BC /* AViewController.swift in Sources */,
				5382C6B61C0321CB00F6107E /* AutocompleteTextField2.swift in Sources */,
				53CB2BFE1BC3F94900F5F62C /* mapview.swift in Sources */,
				538D0A421BA41914005D1386 /* AutoCompleteTextField.swift in Sources */,
				537A33A21C075535001E1D7B /* customheadercellafterexpastionforvodka.swift in Sources */,
				53A3FF951BCF873900122759 /* GiFHUD.swift in Sources */,
				538D0A481BA4194B005D1386 /* Service.swift in Sources */,
				537CA3DF1BBA58240082D896 /* Restaurant.swift in Sources */,
				5389EE411BC65146007999AE /* onemoreclass2.swift in Sources */,
				53E512401BF0E6A200FFC78E /* NewClass.swift in Sources */,
				5389EE3D1BC63139007999AE /* liqvodka.swift in Sources */,
				5389EE391BC630EE007999AE /* tableviewclassvodka.swift in Sources */,
				5367CEF71B9DB0EA00D33220 /* AppDelegate.swift in Sources */,
				538D0A461BA4194B005D1386 /* Location.swift in Sources */,
				53E02F461BCE63110016A3D2 /* Internetcheckclass.swift in Sources */,
				534618EB1BBBDAAF00B0E188 /* results.swift in Sources */,
			);
			runOnlyForDeploymentPostprocessing = 0;
		};
		5367CF021B9DB0EA00D33220 /* Sources */ = {
			isa = PBXSourcesBuildPhase;
			buildActionMask = 2147483647;
			files = (
				5367CF0D1B9DB0EA00D33220 /* FinalBottomsUpTests.swift in Sources */,
			);
			runOnlyForDeploymentPostprocessing = 0;
		};
/* End PBXSourcesBuildPhase section */

/* Begin PBXTargetDependency section */
		5367CF081B9DB0EA00D33220 /* PBXTargetDependency */ = {
			isa = PBXTargetDependency;
			target = 5367CEF01B9DB0EA00D33220 /* Bottomzup */;
			targetProxy = 5367CF071B9DB0EA00D33220 /* PBXContainerItemProxy */;
		};
/* End PBXTargetDependency section */

/* Begin PBXVariantGroup section */
		5367CEFA1B9DB0EA00D33220 /* Main.storyboard */ = {
			isa = PBXVariantGroup;
			children = (
				5367CEFB1B9DB0EA00D33220 /* Base */,
			);
			name = Main.storyboard;
			sourceTree = "<group>";
		};
		5367CEFF1B9DB0EA00D33220 /* LaunchScreen.xib */ = {
			isa = PBXVariantGroup;
			children = (
				5367CF001B9DB0EA00D33220 /* Base */,
			);
			name = LaunchScreen.xib;
			sourceTree = "<group>";
		};
/* End PBXVariantGroup section */

/* Begin XCBuildConfiguration section */
		5367CF0E1B9DB0EA00D33220 /* Debug */ = {
			isa = XCBuildConfiguration;
			buildSettings = {
				ALWAYS_SEARCH_USER_PATHS = NO;
				CLANG_CXX_LANGUAGE_STANDARD = "gnu++0x";
				CLANG_CXX_LIBRARY = "libc++";
				CLANG_ENABLE_MODULES = YES;
				CLANG_ENABLE_OBJC_ARC = YES;
				CLANG_WARN_BOOL_CONVERSION = YES;
				CLANG_WARN_CONSTANT_CONVERSION = YES;
				CLANG_WARN_DIRECT_OBJC_ISA_USAGE = YES_ERROR;
				CLANG_WARN_EMPTY_BODY = YES;
				CLANG_WARN_ENUM_CONVERSION = YES;
				CLANG_WARN_INT_CONVERSION = YES;
				CLANG_WARN_OBJC_ROOT_CLASS = YES_ERROR;
				CLANG_WARN_UNREACHABLE_CODE = YES;
				CLANG_WARN__DUPLICATE_METHOD_MATCH = YES;
				"CODE_SIGN_IDENTITY[sdk=iphoneos*]" = "iPhone Developer";
				COPY_PHASE_STRIP = NO;
				DEBUG_INFORMATION_FORMAT = "dwarf-with-dsym";
				ENABLE_STRICT_OBJC_MSGSEND = YES;
				GCC_C_LANGUAGE_STANDARD = gnu99;
				GCC_DYNAMIC_NO_PIC = NO;
				GCC_NO_COMMON_BLOCKS = YES;
				GCC_OPTIMIZATION_LEVEL = 0;
				GCC_PREPROCESSOR_DEFINITIONS = (
					"DEBUG=1",
					"$(inherited)",
				);
				GCC_SYMBOLS_PRIVATE_EXTERN = NO;
				GCC_WARN_64_TO_32_BIT_CONVERSION = YES;
				GCC_WARN_ABOUT_RETURN_TYPE = YES_ERROR;
				GCC_WARN_UNDECLARED_SELECTOR = YES;
				GCC_WARN_UNINITIALIZED_AUTOS = YES_AGGRESSIVE;
				GCC_WARN_UNUSED_FUNCTION = YES;
				GCC_WARN_UNUSED_VARIABLE = YES;
				IPHONEOS_DEPLOYMENT_TARGET = 8.3;
				MTL_ENABLE_DEBUG_INFO = YES;
				ONLY_ACTIVE_ARCH = YES;
				PROVISIONING_PROFILE = "c815e0f3-e917-4df0-8e81-60221a871c79";
				SDKROOT = iphoneos;
				SWIFT_OPTIMIZATION_LEVEL = "-Onone";
				TARGETED_DEVICE_FAMILY = "1,2";
			};
			name = Debug;
		};
		5367CF0F1B9DB0EA00D33220 /* Release */ = {
			isa = XCBuildConfiguration;
			buildSettings = {
				ALWAYS_SEARCH_USER_PATHS = NO;
				CLANG_CXX_LANGUAGE_STANDARD = "gnu++0x";
				CLANG_CXX_LIBRARY = "libc++";
				CLANG_ENABLE_MODULES = YES;
				CLANG_ENABLE_OBJC_ARC = YES;
				CLANG_WARN_BOOL_CONVERSION = YES;
				CLANG_WARN_CONSTANT_CONVERSION = YES;
				CLANG_WARN_DIRECT_OBJC_ISA_USAGE = YES_ERROR;
				CLANG_WARN_EMPTY_BODY = YES;
				CLANG_WARN_ENUM_CONVERSION = YES;
				CLANG_WARN_INT_CONVERSION = YES;
				CLANG_WARN_OBJC_ROOT_CLASS = YES_ERROR;
				CLANG_WARN_UNREACHABLE_CODE = YES;
				CLANG_WARN__DUPLICATE_METHOD_MATCH = YES;
				"CODE_SIGN_IDENTITY[sdk=iphoneos*]" = "iPhone Developer";
				COPY_PHASE_STRIP = NO;
				DEBUG_INFORMATION_FORMAT = "dwarf-with-dsym";
				ENABLE_NS_ASSERTIONS = NO;
				ENABLE_STRICT_OBJC_MSGSEND = YES;
				GCC_C_LANGUAGE_STANDARD = gnu99;
				GCC_NO_COMMON_BLOCKS = YES;
				GCC_WARN_64_TO_32_BIT_CONVERSION = YES;
				GCC_WARN_ABOUT_RETURN_TYPE = YES_ERROR;
				GCC_WARN_UNDECLARED_SELECTOR = YES;
				GCC_WARN_UNINITIALIZED_AUTOS = YES_AGGRESSIVE;
				GCC_WARN_UNUSED_FUNCTION = YES;
				GCC_WARN_UNUSED_VARIABLE = YES;
				IPHONEOS_DEPLOYMENT_TARGET = 8.3;
				MTL_ENABLE_DEBUG_INFO = NO;
				PROVISIONING_PROFILE = "c815e0f3-e917-4df0-8e81-60221a871c79";
				SDKROOT = iphoneos;
				TARGETED_DEVICE_FAMILY = "1,2";
				VALIDATE_PRODUCT = YES;
			};
			name = Release;
		};
		5367CF111B9DB0EA00D33220 /* Debug */ = {
			isa = XCBuildConfiguration;
			baseConfigurationReference = A3E6ABB127B08185A6ECEC40 /* Pods.debug.xcconfig */;
			buildSettings = {
				ASSETCATALOG_COMPILER_APPICON_NAME = AppIcon;
				CODE_SIGN_IDENTITY = "iPhone Developer: Vinayak Koti (LJTYC774L4)";
				"CODE_SIGN_IDENTITY[sdk=iphoneos*]" = "iPhone Developer: Vinayak Koti (LJTYC774L4)";
				FRAMEWORK_SEARCH_PATHS = (
					"$(inherited)",
					"$(PROJECT_DIR)/FinalBottomsUp",
					"$(PROJECT_DIR)",
				);
				INFOPLIST_FILE = FinalBottomsUp/Info.plist;
				IPHONEOS_DEPLOYMENT_TARGET = 7.0;
				LD_RUNPATH_SEARCH_PATHS = "$(inherited) @executable_path/Frameworks";
				OTHER_LDFLAGS = (
					"-ObjC",
					"$(inherited)",
				);
				PRODUCT_NAME = Bottomzup;
				PROVISIONING_PROFILE = "341b2765-e318-44e8-9ae2-4250b25f0aa4";
				SWIFT_OBJC_BRIDGING_HEADER = "Bridging-Header.h";
				TARGETED_DEVICE_FAMILY = 1;
			};
			name = Debug;
		};
		5367CF121B9DB0EA00D33220 /* Release */ = {
			isa = XCBuildConfiguration;
			baseConfigurationReference = BBAACA6BEA2DB090A27F178F /* Pods.release.xcconfig */;
			buildSettings = {
				ASSETCATALOG_COMPILER_APPICON_NAME = AppIcon;
				CODE_SIGN_IDENTITY = "";
				"CODE_SIGN_IDENTITY[sdk=iphoneos*]" = "";
				FRAMEWORK_SEARCH_PATHS = (
					"$(inherited)",
					"$(PROJECT_DIR)/FinalBottomsUp",
					"$(PROJECT_DIR)",
				);
				INFOPLIST_FILE = FinalBottomsUp/Info.plist;
				IPHONEOS_DEPLOYMENT_TARGET = 7.0;
				LD_RUNPATH_SEARCH_PATHS = "$(inherited) @executable_path/Frameworks";
				OTHER_LDFLAGS = (
					"-ObjC",
					"$(inherited)",
				);
				PRODUCT_NAME = Bottomzup;
				PROVISIONING_PROFILE = "341b2765-e318-44e8-9ae2-4250b25f0aa4";
				SWIFT_OBJC_BRIDGING_HEADER = "Bridging-Header.h";
				TARGETED_DEVICE_FAMILY = 1;
			};
			name = Release;
		};
		5367CF141B9DB0EA00D33220 /* Debug */ = {
			isa = XCBuildConfiguration;
			buildSettings = {
				BUNDLE_LOADER = "$(TEST_HOST)";
				FRAMEWORK_SEARCH_PATHS = (
					"$(SDKROOT)/Developer/Library/Frameworks",
					"$(inherited)",
				);
				GCC_PREPROCESSOR_DEFINITIONS = (
					"DEBUG=1",
					"$(inherited)",
				);
				INFOPLIST_FILE = FinalBottomsUpTests/Info.plist;
				LD_RUNPATH_SEARCH_PATHS = "$(inherited) @executable_path/Frameworks @loader_path/Frameworks";
				PRODUCT_NAME = BottomzupTests;
				TEST_HOST = "$(BUILT_PRODUCTS_DIR)/FinalBottomsUp.app/FinalBottomsUp";
			};
			name = Debug;
		};
		5367CF151B9DB0EA00D33220 /* Release */ = {
			isa = XCBuildConfiguration;
			buildSettings = {
				BUNDLE_LOADER = "$(TEST_HOST)";
				FRAMEWORK_SEARCH_PATHS = (
					"$(SDKROOT)/Developer/Library/Frameworks",
					"$(inherited)",
				);
				INFOPLIST_FILE = FinalBottomsUpTests/Info.plist;
				LD_RUNPATH_SEARCH_PATHS = "$(inherited) @executable_path/Frameworks @loader_path/Frameworks";
				PRODUCT_NAME = BottomzupTests;
				TEST_HOST = "$(BUILT_PRODUCTS_DIR)/FinalBottomsUp.app/FinalBottomsUp";
			};
			name = Release;
		};
/* End XCBuildConfiguration section */

/* Begin XCConfigurationList section */
		5367CEEC1B9DB0EA00D33220 /* Build configuration list for PBXProject "Bottomzup" */ = {
			isa = XCConfigurationList;
			buildConfigurations = (
				5367CF0E1B9DB0EA00D33220 /* Debug */,
				5367CF0F1B9DB0EA00D33220 /* Release */,
			);
			defaultConfigurationIsVisible = 0;
			defaultConfigurationName = Release;
		};
		5367CF101B9DB0EA00D33220 /* Build configuration list for PBXNativeTarget "Bottomzup" */ = {
			isa = XCConfigurationList;
			buildConfigurations = (
				5367CF111B9DB0EA00D33220 /* Debug */,
				5367CF121B9DB0EA00D33220 /* Release */,
			);
			defaultConfigurationIsVisible = 0;
			defaultConfigurationName = Release;
		};
		5367CF131B9DB0EA00D33220 /* Build configuration list for PBXNativeTarget "BottomzupTests" */ = {
			isa = XCConfigurationList;
			buildConfigurations = (
				5367CF141B9DB0EA00D33220 /* Debug */,
				5367CF151B9DB0EA00D33220 /* Release */,
			);
			defaultConfigurationIsVisible = 0;
			defaultConfigurationName = Release;
		};
/* End XCConfigurationList section */
	};
	rootObject = 5367CEE91B9DB0EA00D33220 /* Project object */;
}
